
Microsoft Visual Studio Solution File, Format Version 12.00
# Visual Studio Version 16
VisualStudioVersion = 16.0.34729.46
MinimumVisualStudioVersion = 10.0.40219.1
Project("{FAE04EC0-301F-11D3-BF4B-00C04F79EFBC}") = "Academica", "Academica.csproj", "{AD1A302A-FFC3-4B86-A478-48B501C348AA}"
EndProject
Global
	GlobalSection(SolutionConfigurationPlatforms) = preSolution
		Debug|Any CPU = Debug|Any CPU
		Release|Any CPU = Release|Any CPU
	EndGlobalSection
	GlobalSection(ProjectConfigurationPlatforms) = postSolution
		{AD1A302A-FFC3-4B86-A478-48B501C348AA}.Debug|Any CPU.ActiveCfg = Debug|Any CPU
		{AD1A302A-FFC3-4B86-A478-48B501C348AA}.Debug|Any CPU.Build.0 = Debug|Any CPU
		{AD1A302A-FFC3-4B86-A478-48B501C348AA}.Release|Any CPU.ActiveCfg = Release|Any CPU
		{AD1A302A-FFC3-4B86-A478-48B501C348AA}.Release|Any CPU.Build.0 = Release|Any CPU
	EndGlobalSection
	GlobalSection(SolutionProperties) = preSolution
		HideSolutionNode = FALSE
	EndGlobalSection
	GlobalSection(ExtensibilityGlobals) = postSolution
		SolutionGuid = {AFB95FBD-28D4-4D00-BFEB-7DDDB26D729F}
	EndGlobalSection
EndGlobal
